
Microsoft Visual Studio Solution File, Format Version 12.00
# Visual Studio Version 17
VisualStudioVersion = 17.9.34622.214
MinimumVisualStudioVersion = 10.0.40219.1
Project("{FAE04EC0-301F-11D3-BF4B-00C04F79EFBC}") = "Hardware", "Hardware.csproj", "{E11317A4-8D98-4EF1-8A26-DD183BCCEF41}"
EndProject
Global
	GlobalSection(SolutionConfigurationPlatforms) = preSolution
		Debug|Any CPU = Debug|Any CPU
		Release|Any CPU = Release|Any CPU
	EndGlobalSection
	GlobalSection(ProjectConfigurationPlatforms) = postSolution
		{E11317A4-8D98-4EF1-8A26-DD183BCCEF41}.Debug|Any CPU.ActiveCfg = Debug|Any CPU
		{E11317A4-8D98-4EF1-8A26-DD183BCCEF41}.Debug|Any CPU.Build.0 = Debug|Any CPU
		{E11317A4-8D98-4EF1-8A26-DD183BCCEF41}.Release|Any CPU.ActiveCfg = Release|Any CPU
		{E11317A4-8D98-4EF1-8A26-DD183BCCEF41}.Release|Any CPU.Build.0 = Release|Any CPU
	EndGlobalSection
	GlobalSection(SolutionProperties) = preSolution
		HideSolutionNode = FALSE
	EndGlobalSection
	GlobalSection(ExtensibilityGlobals) = postSolution
		SolutionGuid = {570E2E99-F2A7-448C-9B90-0B8462F12B96}
	EndGlobalSection
EndGlobal
